// !$*UTF8*$!
{
	archiveVersion = 1;
	classes = {
	};
	objectVersion = 46;
	objects = {

/* Begin PBXBuildFile section */
		750BC40F1CFE2B9C00B9E53C /* main.m in Sources */ = {isa = PBXBuildFile; fileRef = 750BC40E1CFE2B9C00B9E53C /* main.m */; };
		750BC4121CFE2B9C00B9E53C /* AppDelegate.m in Sources */ = {isa = PBXBuildFile; fileRef = 750BC4111CFE2B9C00B9E53C /* AppDelegate.m */; };
		750BC4181CFE2B9C00B9E53C /* Main.storyboard in Resources */ = {isa = PBXBuildFile; fileRef = 750BC4161CFE2B9C00B9E53C /* Main.storyboard */; };
		750BC41A1CFE2B9C00B9E53C /* Assets.xcassets in Resources */ = {isa = PBXBuildFile; fileRef = 750BC4191CFE2B9C00B9E53C /* Assets.xcassets */; };
		750BC41D1CFE2B9C00B9E53C /* LaunchScreen.storyboard in Resources */ = {isa = PBXBuildFile; fileRef = 750BC41B1CFE2B9C00B9E53C /* LaunchScreen.storyboard */; };
		750BC4261CFE2CBF00B9E53C /* Entry.m in Sources */ = {isa = PBXBuildFile; fileRef = 750BC4251CFE2CBF00B9E53C /* Entry.m */; };
/* End PBXBuildFile section */

/* Begin PBXFileReference section */
		750BC40A1CFE2B9C00B9E53C /* Journal - C.app */ = {isa = PBXFileReference; explicitFileType = wrapper.application; includeInIndex = 0; path = "Journal - C.app"; sourceTree = BUILT_PRODUCTS_DIR; };
		750BC40E1CFE2B9C00B9E53C /* main.m */ = {isa = PBXFileReference; lastKnownFileType = sourcecode.c.objc; path = main.m; sourceTree = "<group>"; };
		750BC4101CFE2B9C00B9E53C /* AppDelegate.h */ = {isa = PBXFileReference; lastKnownFileType = sourcecode.c.h; path = AppDelegate.h; sourceTree = "<group>"; };
		750BC4111CFE2B9C00B9E53C /* AppDelegate.m */ = {isa = PBXFileReference; lastKnownFileType = sourcecode.c.objc; path = AppDelegate.m; sourceTree = "<group>"; };
		750BC4171CFE2B9C00B9E53C /* Base */ = {isa = PBXFileReference; lastKnownFileType = file.storyboard; name = Base; path = Base.lproj/Main.storyboard; sourceTree = "<group>"; };
		750BC4191CFE2B9C00B9E53C /* Assets.xcassets */ = {isa = PBXFileReference; lastKnownFileType = folder.assetcatalog; path = Assets.xcassets; sourceTree = "<group>"; };
		750BC41C1CFE2B9C00B9E53C /* Base */ = {isa = PBXFileReference; lastKnownFileType = file.storyboard; name = Base; path = Base.lproj/LaunchScreen.storyboard; sourceTree = "<group>"; };
		750BC41E1CFE2B9C00B9E53C /* Info.plist */ = {isa = PBXFileReference; lastKnownFileType = text.plist.xml; path = Info.plist; sourceTree = "<group>"; };
		750BC4241CFE2CBF00B9E53C /* Entry.h */ = {isa = PBXFileReference; fileEncoding = 4; lastKnownFileType = sourcecode.c.h; path = Entry.h; sourceTree = "<group>"; };
		750BC4251CFE2CBF00B9E53C /* Entry.m */ = {isa = PBXFileReference; fileEncoding = 4; lastKnownFileType = sourcecode.c.objc; path = Entry.m; sourceTree = "<group>"; };
/* End PBXFileReference section */

/* Begin PBXFrameworksBuildPhase section */
		750BC4071CFE2B9C00B9E53C /* Frameworks */ = {
			isa = PBXFrameworksBuildPhase;
			buildActionMask = 2147483647;
			files = (
			);
			runOnlyForDeploymentPostprocessing = 0;
		};
/* End PBXFrameworksBuildPhase section */

/* Begin PBXGroup section */
		750BC4011CFE2B9C00B9E53C = {
			isa = PBXGroup;
			children = (
				750BC40C1CFE2B9C00B9E53C /* Journal - C */,
				750BC40B1CFE2B9C00B9E53C /* Products */,
			);
			sourceTree = "<group>";
		};
		750BC40B1CFE2B9C00B9E53C /* Products */ = {
			isa = PBXGroup;
			children = (
				750BC40A1CFE2B9C00B9E53C /* Journal - C.app */,
			);
			name = Products;
			sourceTree = "<group>";
		};
		750BC40C1CFE2B9C00B9E53C /* Journal - C */ = {
			isa = PBXGroup;
			children = (
				750BC4101CFE2B9C00B9E53C /* AppDelegate.h */,
				750BC4111CFE2B9C00B9E53C /* AppDelegate.m */,
				750BC4161CFE2B9C00B9E53C /* Main.storyboard */,
				750BC4271CFE2CC300B9E53C /* Model */,
				750BC4191CFE2B9C00B9E53C /* Assets.xcassets */,
				750BC41B1CFE2B9C00B9E53C /* LaunchScreen.storyboard */,
				750BC41E1CFE2B9C00B9E53C /* Info.plist */,
				750BC40D1CFE2B9C00B9E53C /* Supporting Files */,
			);
			path = "Journal - C";
			sourceTree = "<group>";
		};
		750BC40D1CFE2B9C00B9E53C /* Supporting Files */ = {
			isa = PBXGroup;
			children = (
				750BC40E1CFE2B9C00B9E53C /* main.m */,
			);
			name = "Supporting Files";
			sourceTree = "<group>";
		};
		750BC4271CFE2CC300B9E53C /* Model */ = {
			isa = PBXGroup;
			children = (
				750BC4241CFE2CBF00B9E53C /* Entry.h */,
				750BC4251CFE2CBF00B9E53C /* Entry.m */,
			);
			name = Model;
			sourceTree = "<group>";
		};
/* End PBXGroup section */

/* Begin PBXNativeTarget section */
		750BC4091CFE2B9C00B9E53C /* Journal - C */ = {
			isa = PBXNativeTarget;
			buildConfigurationList = 750BC4211CFE2B9C00B9E53C /* Build configuration list for PBXNativeTarget "Journal - C" */;
			buildPhases = (
				750BC4061CFE2B9C00B9E53C /* Sources */,
				750BC4071CFE2B9C00B9E53C /* Frameworks */,
				750BC4081CFE2B9C00B9E53C /* Resources */,
			);
			buildRules = (
			);
			dependencies = (
			);
			name = "Journal - C";
			productName = "Journal - C";
			productReference = 750BC40A1CFE2B9C00B9E53C /* Journal - C.app */;
			productType = "com.apple.product-type.application";
		};
/* End PBXNativeTarget section */

/* Begin PBXProject section */
		750BC4021CFE2B9C00B9E53C /* Project object */ = {
			isa = PBXProject;
			attributes = {
				LastUpgradeCheck = 0730;
				ORGANIZATIONNAME = "Karl Pfister";
				TargetAttributes = {
					750BC4091CFE2B9C00B9E53C = {
						CreatedOnToolsVersion = 7.3.1;
					};
				};
			};
			buildConfigurationList = 750BC4051CFE2B9C00B9E53C /* Build configuration list for PBXProject "Journal - C" */;
			compatibilityVersion = "Xcode 3.2";
			developmentRegion = English;
			hasScannedForEncodings = 0;
			knownRegions = (
				en,
				Base,
			);
			mainGroup = 750BC4011CFE2B9C00B9E53C;
			productRefGroup = 750BC40B1CFE2B9C00B9E53C /* Products */;
			projectDirPath = "";
			projectRoot = "";
			targets = (
				750BC4091CFE2B9C00B9E53C /* Journal - C */,
			);
		};
/* End PBXProject section */

/* Begin PBXResourcesBuildPhase section */
		750BC4081CFE2B9C00B9E53C /* Resources */ = {
			isa = PBXResourcesBuildPhase;
			buildActionMask = 2147483647;
			files = (
				750BC41D1CFE2B9C00B9E53C /* LaunchScreen.storyboard in Resources */,
				750BC41A1CFE2B9C00B9E53C /* Assets.xcassets in Resources */,
				750BC4181CFE2B9C00B9E53C /* Main.storyboard in Resources */,
			);
			runOnlyForDeploymentPostprocessing = 0;
		};
/* End PBXResourcesBuildPhase section */

/* Begin PBXSourcesBuildPhase section */
		750BC4061CFE2B9C00B9E53C /* Sources */ = {
			isa = PBXSourcesBuildPhase;
			buildActionMask = 2147483647;
			files = (
				750BC4261CFE2CBF00B9E53C /* Entry.m in Sources */,
				750BC4121CFE2B9C00B9E53C /* AppDelegate.m in Sources */,
				750BC40F1CFE2B9C00B9E53C /* main.m in Sources */,
			);
			runOnlyForDeploymentPostprocessing = 0;
		};
/* End PBXSourcesBuildPhase section */

/* Begin PBXVariantGroup section */
		750BC4161CFE2B9C00B9E53C /* Main.storyboard */ = {
			isa = PBXVariantGroup;
			children = (
				750BC4171CFE2B9C00B9E53C /* Base */,
			);
			name = Main.storyboard;
			sourceTree = "<group>";
		};
		750BC41B1CFE2B9C00B9E53C /* LaunchScreen.storyboard */ = {
			isa = PBXVariantGroup;
			children = (
				750BC41C1CFE2B9C00B9E53C /* Base */,
			);
			name = LaunchScreen.storyboard;
			sourceTree = "<group>";
		};
/* End PBXVariantGroup section */

/* Begin XCBuildConfiguration section */
		750BC41F1CFE2B9C00B9E53C /* Debug */ = {
			isa = XCBuildConfiguration;
			buildSettings = {
				ALWAYS_SEARCH_USER_PATHS = NO;
				CLANG_ANALYZER_NONNULL = YES;
				CLANG_CXX_LANGUAGE_STANDARD = "gnu++0x";
				CLANG_CXX_LIBRARY = "libc++";
				CLANG_ENABLE_MODULES = YES;
				CLANG_ENABLE_OBJC_ARC = YES;
				CLANG_WARN_BOOL_CONVERSION = YES;
				CLANG_WARN_CONSTANT_CONVERSION = YES;
				CLANG_WARN_DIRECT_OBJC_ISA_USAGE = YES_ERROR;
				CLANG_WARN_EMPTY_BODY = YES;
				CLANG_WARN_ENUM_CONVERSION = YES;
				CLANG_WARN_INT_CONVERSION = YES;
				CLANG_WARN_OBJC_ROOT_CLASS = YES_ERROR;
				CLANG_WARN_UNREACHABLE_CODE = YES;
				CLANG_WARN__DUPLICATE_METHOD_MATCH = YES;
				"CODE_SIGN_IDENTITY[sdk=iphoneos*]" = "iPhone Developer";
				COPY_PHASE_STRIP = NO;
				DEBUG_INFORMATION_FORMAT = dwarf;
				ENABLE_STRICT_OBJC_MSGSEND = YES;
				ENABLE_TESTABILITY = YES;
				GCC_C_LANGUAGE_STANDARD = gnu99;
				GCC_DYNAMIC_NO_PIC = NO;
				GCC_NO_COMMON_BLOCKS = YES;
				GCC_OPTIMIZATION_LEVEL = 0;
				GCC_PREPROCESSOR_DEFINITIONS = (
					"DEBUG=1",
					"$(inherited)",
				);
				GCC_WARN_64_TO_32_BIT_CONVERSION = YES;
				GCC_WARN_ABOUT_RETURN_TYPE = YES_ERROR;
				GCC_WARN_UNDECLARED_SELECTOR = YES;
				GCC_WARN_UNINITIALIZED_AUTOS = YES_AGGRESSIVE;
				GCC_WARN_UNUSED_FUNCTION = YES;
				GCC_WARN_UNUSED_VARIABLE = YES;
				IPHONEOS_DEPLOYMENT_TARGET = 9.3;
				MTL_ENABLE_DEBUG_INFO = YES;
				ONLY_ACTIVE_ARCH = YES;
				SDKROOT = iphoneos;
				TARGETED_DEVICE_FAMILY = "1,2";
			};
			name = Debug;
		};
		750BC4201CFE2B9C00B9E53C /* Release */ = {
			isa = XCBuildConfiguration;
			buildSettings = {
				ALWAYS_SEARCH_USER_PATHS = NO;
				CLANG_ANALYZER_NONNULL = YES;
				CLANG_CXX_LANGUAGE_STANDARD = "gnu++0x";
				CLANG_CXX_LIBRARY = "libc++";
				CLANG_ENABLE_MODULES = YES;
				CLANG_ENABLE_OBJC_ARC = YES;
				CLANG_WARN_BOOL_CONVERSION = YES;
				CLANG_WARN_CONSTANT_CONVERSION = YES;
				CLANG_WARN_DIRECT_OBJC_ISA_USAGE = YES_ERROR;
				CLANG_WARN_EMPTY_BODY = YES;
				CLANG_WARN_ENUM_CONVERSION = YES;
				CLANG_WARN_INT_CONVERSION = YES;
				CLANG_WARN_OBJC_ROOT_CLASS = YES_ERROR;
				CLANG_WARN_UNREACHABLE_CODE = YES;
				CLANG_WARN__DUPLICATE_METHOD_MATCH = YES;
				"CODE_SIGN_IDENTITY[sdk=iphoneos*]" = "iPhone Developer";
				COPY_PHASE_STRIP = NO;
				DEBUG_INFORMATION_FORMAT = "dwarf-with-dsym";
				ENABLE_NS_ASSERTIONS = NO;
				ENABLE_STRICT_OBJC_MSGSEND = YES;
				GCC_C_LANGUAGE_STANDARD = gnu99;
				GCC_NO_COMMON_BLOCKS = YES;
				GCC_WARN_64_TO_32_BIT_CONVERSION = YES;
				GCC_WARN_ABOUT_RETURN_TYPE = YES_ERROR;
				GCC_WARN_UNDECLARED_SELECTOR = YES;
				GCC_WARN_UNINITIALIZED_AUTOS = YES_AGGRESSIVE;
				GCC_WARN_UNUSED_FUNCTION = YES;
				GCC_WARN_UNUSED_VARIABLE = YES;
				IPHONEOS_DEPLOYMENT_TARGET = 9.3;
				MTL_ENABLE_DEBUG_INFO = NO;
				SDKROOT = iphoneos;
				TARGETED_DEVICE_FAMILY = "1,2";
				VALIDATE_PRODUCT = YES;
			};
			name = Release;
		};
		750BC4221CFE2B9C00B9E53C /* Debug */ = {
			isa = XCBuildConfiguration;
			buildSettings = {
				ASSETCATALOG_COMPILER_APPICON_NAME = AppIcon;
				INFOPLIST_FILE = "Journal - C/Info.plist";
				LD_RUNPATH_SEARCH_PATHS = "$(inherited) @executable_path/Frameworks";
				PRODUCT_BUNDLE_IDENTIFIER = "Wolf-s-Head-Labs.Journal---C";
				PRODUCT_NAME = "$(TARGET_NAME)";
			};
			name = Debug;
		};
		750BC4231CFE2B9C00B9E53C /* Release */ = {
			isa = XCBuildConfiguration;
			buildSettings = {
				ASSETCATALOG_COMPILER_APPICON_NAME = AppIcon;
				INFOPLIST_FILE = "Journal - C/Info.plist";
				LD_RUNPATH_SEARCH_PATHS = "$(inherited) @executable_path/Frameworks";
				PRODUCT_BUNDLE_IDENTIFIER = "Wolf-s-Head-Labs.Journal---C";
				PRODUCT_NAME = "$(TARGET_NAME)";
			};
			name = Release;
		};
/* End XCBuildConfiguration section */

/* Begin XCConfigurationList section */
		750BC4051CFE2B9C00B9E53C /* Build configuration list for PBXProject "Journal - C" */ = {
			isa = XCConfigurationList;
			buildConfigurations = (
				750BC41F1CFE2B9C00B9E53C /* Debug */,
				750BC4201CFE2B9C00B9E53C /* Release */,
			);
			defaultConfigurationIsVisible = 0;
			defaultConfigurationName = Release;
		};
		750BC4211CFE2B9C00B9E53C /* Build configuration list for PBXNativeTarget "Journal - C" */ = {
			isa = XCConfigurationList;
			buildConfigurations = (
				750BC4221CFE2B9C00B9E53C /* Debug */,
				750BC4231CFE2B9C00B9E53C /* Release */,
			);
			defaultConfigurationIsVisible = 0;
		};
/* End XCConfigurationList section */
	};
	rootObject = 750BC4021CFE2B9C00B9E53C /* Project object */;
}
